{
  "version": "2",
  "remote": {
    "https://deno.land/std@0.165.0/_util/asserts.ts": "d0844e9b62510f89ce1f9878b046f6a57bf88f208a10304aab50efcb48365272",
    "https://deno.land/std@0.165.0/flags/mod.ts": "3b459daf581e047819b6b799c92b96c81b4eecbd5ea025643d54dc0abc6ac923",
    "https://deno.land/x/mqtt@0.1.2/client/base_client.ts": "c6fbd5e327a9d06628e4c5bfeb1881c5d97cdc9fb01ebc9bef726ddc0ad10ced",
    "https://deno.land/x/mqtt@0.1.2/deno/deno_client.ts": "39b6ef2008107604965654374ebd58c679dcd6d941e0efb4e0a74b20eb283f46",
    "https://deno.land/x/mqtt@0.1.2/deno/mod.ts": "dcb37ab97d47432d984a41729d4f440cdb2f3ae20cce7525474fc24433f12ce3",
    "https://deno.land/x/mqtt@0.1.2/lib/mod.ts": "863c871f3d0b6e925067dc80e8fffc7e09addc7095e0f4489409687ee9081032",
    "https://deno.land/x/mqtt@0.1.2/packets/connack.ts": "d3e9ada09d812a3c0be1d4d321008ba36feb1ea56933fbdd406e0ea1671e16d1",
    "https://deno.land/x/mqtt@0.1.2/packets/connect.ts": "2088ec4eab48ffd95061dcf3aaf3c298451b96bb43e6aa6f061f10da960909ea",
    "https://deno.land/x/mqtt@0.1.2/packets/disconnect.ts": "8d1088e88459e3463b9b4fa63060e6b21dc2cc97677d1622b95c6aad3427f826",
    "https://deno.land/x/mqtt@0.1.2/packets/length.ts": "975d38ae7beb920cbfd682901e9d4eeeb54fa61854d0addd593bf646065d7ce6",
    "https://deno.land/x/mqtt@0.1.2/packets/mod.ts": "f25b831c818914b1770c7826d8057a328dd0f11e354e5cee5c3f2c0fedb1cbf7",
    "https://deno.land/x/mqtt@0.1.2/packets/pingreq.ts": "db5aad46559be466702274ad6bc458c09c2a104d46e5fd25c312a04eb237528f",
    "https://deno.land/x/mqtt@0.1.2/packets/pingres.ts": "e5ab665c6c2e430458b1a938bf12aae3989f8606328254546a0d9df011b541fa",
    "https://deno.land/x/mqtt@0.1.2/packets/puback.ts": "dea32076f3c4b47b97f62f36adff95544599a6f1d6f9b41439dba1bcb784b3ce",
    "https://deno.land/x/mqtt@0.1.2/packets/pubcomp.ts": "1c06dee45ca925b6e36eaf9b39dc5479d09ed50320946a7c56281f997666ac36",
    "https://deno.land/x/mqtt@0.1.2/packets/publish.ts": "edd807d1540a602df631ceffe6ae2966c0859785ca2234a9c73c339814f0d0db",
    "https://deno.land/x/mqtt@0.1.2/packets/pubrec.ts": "f58a32f907ecb90b5170099bd3d649ac518ebf4fb0a75697ec81fb300faff7cb",
    "https://deno.land/x/mqtt@0.1.2/packets/pubrel.ts": "0eb34365c4f055649a426d1856483f3cb6200b3e6098dc1cf5ec0e8562ed526a",
    "https://deno.land/x/mqtt@0.1.2/packets/suback.ts": "cc5f87fa94c63500812bc800bb1d1149c58b591b1c15fd969376083d6b41d660",
    "https://deno.land/x/mqtt@0.1.2/packets/subscribe.ts": "bd54a77ec57ffa6bea4c6f72a0aac4d1ef6676a4b00d59b3c9a435b416f3d1c3",
    "https://deno.land/x/mqtt@0.1.2/packets/unsuback.ts": "0e204da0419e09c0ef0ffa2c3999214982d7587d086de05761b8fe0522443b33",
    "https://deno.land/x/mqtt@0.1.2/packets/unsubscribe.ts": "750128c6526633964faa109b549fa02c1ed5bba0306f151710c86b9935b36d1d",
    "https://deno.land/x/mqtt@0.1.2/packets/utf8.ts": "72213bc8d85ae315e876a53350a87c66f98069c3529260667c365d8b7542a34a",
    "https://deno.land/x/spotprice@0.0.3/dist/spotprice.min.mjs": "45900e2b8b393393c3d5d345f39d2a2cd0d92f557ca10c08d9f6577df1bd32ae"
  }
}
